
Microsoft Visual Studio Solution File, Format Version 12.00
# Visual Studio Version 17
VisualStudioVersion = 17.0.31903.59
MinimumVisualStudioVersion = 10.0.40219.1
Project("{2150E333-8FDC-42A3-9474-1A3956D46DE8}") = "src", "src", "{827E0CD3-B72D-47B6-A68D-7590B98EB39B}"
EndProject
Project("{2150E333-8FDC-42A3-9474-1A3956D46DE8}") = "OrderService", "OrderService", "{D5064FC8-1F49-54B6-E1C8-B23A6140528A}"
EndProject
Project("{FAE04EC0-301F-11D3-BF4B-00C04F79EFBC}") = "OrderService.API", "src\OrderService\OrderService.API\OrderService.API.csproj", "{5A8B004E-8D57-47D2-A0CA-F188AF17BDAF}"
EndProject
Project("{FAE04EC0-301F-11D3-BF4B-00C04F79EFBC}") = "OrderService.Domain", "src\OrderService\OrderService.Domain\OrderService.Domain.csproj", "{3220B029-3624-43A7-BC38-7E81D72F9B0B}"
EndProject
Project("{FAE04EC0-301F-11D3-BF4B-00C04F79EFBC}") = "OrderService.Infrastructure", "src\OrderService\OrderService.Infrastructure\OrderService.Infrastructure.csproj", "{F6AD2548-1850-4C51-87B1-611F7E8AA2C0}"
EndProject
Project("{FAE04EC0-301F-11D3-BF4B-00C04F79EFBC}") = "OrderService.Application", "src\OrderService\OrderService.Application\OrderService.Application.csproj", "{B81E1BF7-D96D-4756-8595-205A196087A9}"
EndProject
Project("{2150E333-8FDC-42A3-9474-1A3956D46DE8}") = "PaymentService", "PaymentService", "{C3696C64-A320-4742-BBC2-B72EFC24289C}"
EndProject
Project("{2150E333-8FDC-42A3-9474-1A3956D46DE8}") = "Shared", "Shared", "{7359BBAE-17F7-4554-B6AB-37CAA99E2595}"
EndProject
Project("{FAE04EC0-301F-11D3-BF4B-00C04F79EFBC}") = "SharedEvent", "src\Shared\SharedEvent\SharedEvent.csproj", "{848BF3F6-8489-4F3D-AC3C-6D7DF6CC8244}"
EndProject
Project("{FAE04EC0-301F-11D3-BF4B-00C04F79EFBC}") = "PaymentService.API", "src\PaymentService\PaymentService.API\PaymentService.API.csproj", "{732D92B2-B703-4882-8A74-398C2D05853B}"
EndProject
Project("{FAE04EC0-301F-11D3-BF4B-00C04F79EFBC}") = "ApiGateway", "src\ApiGateway\ApiGateway.csproj", "{00A1EAD1-93D9-405B-A9F3-0A3717BD8A94}"
EndProject
Project("{2150E333-8FDC-42A3-9474-1A3956D46DE8}") = "IdentityService", "IdentityService", "{5604D5A4-F84C-40D8-97BD-318997CC1EF4}"
EndProject
Project("{FAE04EC0-301F-11D3-BF4B-00C04F79EFBC}") = "IdentityService.API", "src\IdentityService\IdentityService.API\IdentityService.API.csproj", "{0FA1406A-05DC-47EC-AA6F-E2E2D4C81369}"
EndProject
Project("{FAE04EC0-301F-11D3-BF4B-00C04F79EFBC}") = "IdentityService.Domain", "src\IdentityService\IdentityService.Domain\IdentityService.Domain.csproj", "{880DFD40-96A0-4771-B310-5C43CD9EF6CB}"
EndProject
Project("{FAE04EC0-301F-11D3-BF4B-00C04F79EFBC}") = "IdentityService.Infrastructure", "src\IdentityService\IdentityService.Infrastructure\IdentityService.Infrastructure.csproj", "{5460EAB6-07DF-441E-9D73-CCF6EA64E71B}"
EndProject
Project("{FAE04EC0-301F-11D3-BF4B-00C04F79EFBC}") = "OrderService.Test", "src\OrderService\OrderService.Test\OrderService.Test.csproj", "{D8BBD203-9D56-4EA6-A42C-19F76D756A09}"
EndProject
Project("{FAE04EC0-301F-11D3-BF4B-00C04F79EFBC}") = "PaymentService.Test", "src\PaymentService\PaymentService.Test\PaymentService.Test.csproj", "{F939D035-0FF3-466B-8880-BDED2E714C03}"
EndProject
Project("{2150E333-8FDC-42A3-9474-1A3956D46DE8}") = "ProductService", "ProductService", "{33CF4772-1B16-426D-8D9F-76BDFBAF24EB}"
EndProject
Project("{FAE04EC0-301F-11D3-BF4B-00C04F79EFBC}") = "ProductService.API", "src\ProductService\ProductService.API\ProductService.API.csproj", "{FE719EC7-A310-4647-8264-4575D0501198}"
EndProject
Project("{FAE04EC0-301F-11D3-BF4B-00C04F79EFBC}") = "ProductService.Domain", "src\ProductService\ProductService.Domain\ProductService.Domain.csproj", "{1E676982-F427-46F5-BE09-C57478AF46F2}"
EndProject
Project("{FAE04EC0-301F-11D3-BF4B-00C04F79EFBC}") = "ProductService.Application", "src\ProductService\ProductService.Application\ProductService.Application.csproj", "{8A2D930B-E145-482A-9EC5-1CE73BE12A62}"
EndProject
Project("{FAE04EC0-301F-11D3-BF4B-00C04F79EFBC}") = "ProductService.Infrastructure", "src\ProductService\ProductService.Infrastructure\ProductService.Infrastructure.csproj", "{9393EE1C-919C-44D1-B58E-BC53A9F71295}"
EndProject
Global
	GlobalSection(SolutionConfigurationPlatforms) = preSolution
		Debug|Any CPU = Debug|Any CPU
		Debug|x64 = Debug|x64
		Debug|x86 = Debug|x86
		Release|Any CPU = Release|Any CPU
		Release|x64 = Release|x64
		Release|x86 = Release|x86
	EndGlobalSection
	GlobalSection(ProjectConfigurationPlatforms) = postSolution
		{5A8B004E-8D57-47D2-A0CA-F188AF17BDAF}.Debug|Any CPU.ActiveCfg = Debug|Any CPU
		{5A8B004E-8D57-47D2-A0CA-F188AF17BDAF}.Debug|Any CPU.Build.0 = Debug|Any CPU
		{5A8B004E-8D57-47D2-A0CA-F188AF17BDAF}.Debug|x64.ActiveCfg = Debug|Any CPU
		{5A8B004E-8D57-47D2-A0CA-F188AF17BDAF}.Debug|x64.Build.0 = Debug|Any CPU
		{5A8B004E-8D57-47D2-A0CA-F188AF17BDAF}.Debug|x86.ActiveCfg = Debug|Any CPU
		{5A8B004E-8D57-47D2-A0CA-F188AF17BDAF}.Debug|x86.Build.0 = Debug|Any CPU
		{5A8B004E-8D57-47D2-A0CA-F188AF17BDAF}.Release|Any CPU.ActiveCfg = Release|Any CPU
		{5A8B004E-8D57-47D2-A0CA-F188AF17BDAF}.Release|Any CPU.Build.0 = Release|Any CPU
		{5A8B004E-8D57-47D2-A0CA-F188AF17BDAF}.Release|x64.ActiveCfg = Release|Any CPU
		{5A8B004E-8D57-47D2-A0CA-F188AF17BDAF}.Release|x64.Build.0 = Release|Any CPU
		{5A8B004E-8D57-47D2-A0CA-F188AF17BDAF}.Release|x86.ActiveCfg = Release|Any CPU
		{5A8B004E-8D57-47D2-A0CA-F188AF17BDAF}.Release|x86.Build.0 = Release|Any CPU
		{3220B029-3624-43A7-BC38-7E81D72F9B0B}.Debug|Any CPU.ActiveCfg = Debug|Any CPU
		{3220B029-3624-43A7-BC38-7E81D72F9B0B}.Debug|Any CPU.Build.0 = Debug|Any CPU
		{3220B029-3624-43A7-BC38-7E81D72F9B0B}.Debug|x64.ActiveCfg = Debug|Any CPU
		{3220B029-3624-43A7-BC38-7E81D72F9B0B}.Debug|x64.Build.0 = Debug|Any CPU
		{3220B029-3624-43A7-BC38-7E81D72F9B0B}.Debug|x86.ActiveCfg = Debug|Any CPU
		{3220B029-3624-43A7-BC38-7E81D72F9B0B}.Debug|x86.Build.0 = Debug|Any CPU
		{3220B029-3624-43A7-BC38-7E81D72F9B0B}.Release|Any CPU.ActiveCfg = Release|Any CPU
		{3220B029-3624-43A7-BC38-7E81D72F9B0B}.Release|Any CPU.Build.0 = Release|Any CPU
		{3220B029-3624-43A7-BC38-7E81D72F9B0B}.Release|x64.ActiveCfg = Release|Any CPU
		{3220B029-3624-43A7-BC38-7E81D72F9B0B}.Release|x64.Build.0 = Release|Any CPU
		{3220B029-3624-43A7-BC38-7E81D72F9B0B}.Release|x86.ActiveCfg = Release|Any CPU
		{3220B029-3624-43A7-BC38-7E81D72F9B0B}.Release|x86.Build.0 = Release|Any CPU
		{F6AD2548-1850-4C51-87B1-611F7E8AA2C0}.Debug|Any CPU.ActiveCfg = Debug|Any CPU
		{F6AD2548-1850-4C51-87B1-611F7E8AA2C0}.Debug|Any CPU.Build.0 = Debug|Any CPU
		{F6AD2548-1850-4C51-87B1-611F7E8AA2C0}.Debug|x64.ActiveCfg = Debug|Any CPU
		{F6AD2548-1850-4C51-87B1-611F7E8AA2C0}.Debug|x64.Build.0 = Debug|Any CPU
		{F6AD2548-1850-4C51-87B1-611F7E8AA2C0}.Debug|x86.ActiveCfg = Debug|Any CPU
		{F6AD2548-1850-4C51-87B1-611F7E8AA2C0}.Debug|x86.Build.0 = Debug|Any CPU
		{F6AD2548-1850-4C51-87B1-611F7E8AA2C0}.Release|Any CPU.ActiveCfg = Release|Any CPU
		{F6AD2548-1850-4C51-87B1-611F7E8AA2C0}.Release|Any CPU.Build.0 = Release|Any CPU
		{F6AD2548-1850-4C51-87B1-611F7E8AA2C0}.Release|x64.ActiveCfg = Release|Any CPU
		{F6AD2548-1850-4C51-87B1-611F7E8AA2C0}.Release|x64.Build.0 = Release|Any CPU
		{F6AD2548-1850-4C51-87B1-611F7E8AA2C0}.Release|x86.ActiveCfg = Release|Any CPU
		{F6AD2548-1850-4C51-87B1-611F7E8AA2C0}.Release|x86.Build.0 = Release|Any CPU
		{B81E1BF7-D96D-4756-8595-205A196087A9}.Debug|Any CPU.ActiveCfg = Debug|Any CPU
		{B81E1BF7-D96D-4756-8595-205A196087A9}.Debug|Any CPU.Build.0 = Debug|Any CPU
		{B81E1BF7-D96D-4756-8595-205A196087A9}.Debug|x64.ActiveCfg = Debug|Any CPU
		{B81E1BF7-D96D-4756-8595-205A196087A9}.Debug|x64.Build.0 = Debug|Any CPU
		{B81E1BF7-D96D-4756-8595-205A196087A9}.Debug|x86.ActiveCfg = Debug|Any CPU
		{B81E1BF7-D96D-4756-8595-205A196087A9}.Debug|x86.Build.0 = Debug|Any CPU
		{B81E1BF7-D96D-4756-8595-205A196087A9}.Release|Any CPU.ActiveCfg = Release|Any CPU
		{B81E1BF7-D96D-4756-8595-205A196087A9}.Release|Any CPU.Build.0 = Release|Any CPU
		{B81E1BF7-D96D-4756-8595-205A196087A9}.Release|x64.ActiveCfg = Release|Any CPU
		{B81E1BF7-D96D-4756-8595-205A196087A9}.Release|x64.Build.0 = Release|Any CPU
		{B81E1BF7-D96D-4756-8595-205A196087A9}.Release|x86.ActiveCfg = Release|Any CPU
		{B81E1BF7-D96D-4756-8595-205A196087A9}.Release|x86.Build.0 = Release|Any CPU
		{848BF3F6-8489-4F3D-AC3C-6D7DF6CC8244}.Debug|Any CPU.ActiveCfg = Debug|Any CPU
		{848BF3F6-8489-4F3D-AC3C-6D7DF6CC8244}.Debug|Any CPU.Build.0 = Debug|Any CPU
		{848BF3F6-8489-4F3D-AC3C-6D7DF6CC8244}.Debug|x64.ActiveCfg = Debug|Any CPU
		{848BF3F6-8489-4F3D-AC3C-6D7DF6CC8244}.Debug|x64.Build.0 = Debug|Any CPU
		{848BF3F6-8489-4F3D-AC3C-6D7DF6CC8244}.Debug|x86.ActiveCfg = Debug|Any CPU
		{848BF3F6-8489-4F3D-AC3C-6D7DF6CC8244}.Debug|x86.Build.0 = Debug|Any CPU
		{848BF3F6-8489-4F3D-AC3C-6D7DF6CC8244}.Release|Any CPU.ActiveCfg = Release|Any CPU
		{848BF3F6-8489-4F3D-AC3C-6D7DF6CC8244}.Release|Any CPU.Build.0 = Release|Any CPU
		{848BF3F6-8489-4F3D-AC3C-6D7DF6CC8244}.Release|x64.ActiveCfg = Release|Any CPU
		{848BF3F6-8489-4F3D-AC3C-6D7DF6CC8244}.Release|x64.Build.0 = Release|Any CPU
		{848BF3F6-8489-4F3D-AC3C-6D7DF6CC8244}.Release|x86.ActiveCfg = Release|Any CPU
		{848BF3F6-8489-4F3D-AC3C-6D7DF6CC8244}.Release|x86.Build.0 = Release|Any CPU
		{732D92B2-B703-4882-8A74-398C2D05853B}.Debug|Any CPU.ActiveCfg = Debug|Any CPU
		{732D92B2-B703-4882-8A74-398C2D05853B}.Debug|Any CPU.Build.0 = Debug|Any CPU
		{732D92B2-B703-4882-8A74-398C2D05853B}.Debug|x64.ActiveCfg = Debug|Any CPU
		{732D92B2-B703-4882-8A74-398C2D05853B}.Debug|x64.Build.0 = Debug|Any CPU
		{732D92B2-B703-4882-8A74-398C2D05853B}.Debug|x86.ActiveCfg = Debug|Any CPU
		{732D92B2-B703-4882-8A74-398C2D05853B}.Debug|x86.Build.0 = Debug|Any CPU
		{732D92B2-B703-4882-8A74-398C2D05853B}.Release|Any CPU.ActiveCfg = Release|Any CPU
		{732D92B2-B703-4882-8A74-398C2D05853B}.Release|Any CPU.Build.0 = Release|Any CPU
		{732D92B2-B703-4882-8A74-398C2D05853B}.Release|x64.ActiveCfg = Release|Any CPU
		{732D92B2-B703-4882-8A74-398C2D05853B}.Release|x64.Build.0 = Release|Any CPU
		{732D92B2-B703-4882-8A74-398C2D05853B}.Release|x86.ActiveCfg = Release|Any CPU
		{732D92B2-B703-4882-8A74-398C2D05853B}.Release|x86.Build.0 = Release|Any CPU
		{00A1EAD1-93D9-405B-A9F3-0A3717BD8A94}.Debug|Any CPU.ActiveCfg = Debug|Any CPU
		{00A1EAD1-93D9-405B-A9F3-0A3717BD8A94}.Debug|Any CPU.Build.0 = Debug|Any CPU
		{00A1EAD1-93D9-405B-A9F3-0A3717BD8A94}.Debug|x64.ActiveCfg = Debug|Any CPU
		{00A1EAD1-93D9-405B-A9F3-0A3717BD8A94}.Debug|x64.Build.0 = Debug|Any CPU
		{00A1EAD1-93D9-405B-A9F3-0A3717BD8A94}.Debug|x86.ActiveCfg = Debug|Any CPU
		{00A1EAD1-93D9-405B-A9F3-0A3717BD8A94}.Debug|x86.Build.0 = Debug|Any CPU
		{00A1EAD1-93D9-405B-A9F3-0A3717BD8A94}.Release|Any CPU.ActiveCfg = Release|Any CPU
		{00A1EAD1-93D9-405B-A9F3-0A3717BD8A94}.Release|Any CPU.Build.0 = Release|Any CPU
		{00A1EAD1-93D9-405B-A9F3-0A3717BD8A94}.Release|x64.ActiveCfg = Release|Any CPU
		{00A1EAD1-93D9-405B-A9F3-0A3717BD8A94}.Release|x64.Build.0 = Release|Any CPU
		{00A1EAD1-93D9-405B-A9F3-0A3717BD8A94}.Release|x86.ActiveCfg = Release|Any CPU
		{00A1EAD1-93D9-405B-A9F3-0A3717BD8A94}.Release|x86.Build.0 = Release|Any CPU
		{0FA1406A-05DC-47EC-AA6F-E2E2D4C81369}.Debug|Any CPU.ActiveCfg = Debug|Any CPU
		{0FA1406A-05DC-47EC-AA6F-E2E2D4C81369}.Debug|Any CPU.Build.0 = Debug|Any CPU
		{0FA1406A-05DC-47EC-AA6F-E2E2D4C81369}.Debug|x64.ActiveCfg = Debug|Any CPU
		{0FA1406A-05DC-47EC-AA6F-E2E2D4C81369}.Debug|x64.Build.0 = Debug|Any CPU
		{0FA1406A-05DC-47EC-AA6F-E2E2D4C81369}.Debug|x86.ActiveCfg = Debug|Any CPU
		{0FA1406A-05DC-47EC-AA6F-E2E2D4C81369}.Debug|x86.Build.0 = Debug|Any CPU
		{0FA1406A-05DC-47EC-AA6F-E2E2D4C81369}.Release|Any CPU.ActiveCfg = Release|Any CPU
		{0FA1406A-05DC-47EC-AA6F-E2E2D4C81369}.Release|Any CPU.Build.0 = Release|Any CPU
		{0FA1406A-05DC-47EC-AA6F-E2E2D4C81369}.Release|x64.ActiveCfg = Release|Any CPU
		{0FA1406A-05DC-47EC-AA6F-E2E2D4C81369}.Release|x64.Build.0 = Release|Any CPU
		{0FA1406A-05DC-47EC-AA6F-E2E2D4C81369}.Release|x86.ActiveCfg = Release|Any CPU
		{0FA1406A-05DC-47EC-AA6F-E2E2D4C81369}.Release|x86.Build.0 = Release|Any CPU
		{880DFD40-96A0-4771-B310-5C43CD9EF6CB}.Debug|Any CPU.ActiveCfg = Debug|Any CPU
		{880DFD40-96A0-4771-B310-5C43CD9EF6CB}.Debug|Any CPU.Build.0 = Debug|Any CPU
		{880DFD40-96A0-4771-B310-5C43CD9EF6CB}.Debug|x64.ActiveCfg = Debug|Any CPU
		{880DFD40-96A0-4771-B310-5C43CD9EF6CB}.Debug|x64.Build.0 = Debug|Any CPU
		{880DFD40-96A0-4771-B310-5C43CD9EF6CB}.Debug|x86.ActiveCfg = Debug|Any CPU
		{880DFD40-96A0-4771-B310-5C43CD9EF6CB}.Debug|x86.Build.0 = Debug|Any CPU
		{880DFD40-96A0-4771-B310-5C43CD9EF6CB}.Release|Any CPU.ActiveCfg = Release|Any CPU
		{880DFD40-96A0-4771-B310-5C43CD9EF6CB}.Release|Any CPU.Build.0 = Release|Any CPU
		{880DFD40-96A0-4771-B310-5C43CD9EF6CB}.Release|x64.ActiveCfg = Release|Any CPU
		{880DFD40-96A0-4771-B310-5C43CD9EF6CB}.Release|x64.Build.0 = Release|Any CPU
		{880DFD40-96A0-4771-B310-5C43CD9EF6CB}.Release|x86.ActiveCfg = Release|Any CPU
		{880DFD40-96A0-4771-B310-5C43CD9EF6CB}.Release|x86.Build.0 = Release|Any CPU
		{5460EAB6-07DF-441E-9D73-CCF6EA64E71B}.Debug|Any CPU.ActiveCfg = Debug|Any CPU
		{5460EAB6-07DF-441E-9D73-CCF6EA64E71B}.Debug|Any CPU.Build.0 = Debug|Any CPU
		{5460EAB6-07DF-441E-9D73-CCF6EA64E71B}.Debug|x64.ActiveCfg = Debug|Any CPU
		{5460EAB6-07DF-441E-9D73-CCF6EA64E71B}.Debug|x64.Build.0 = Debug|Any CPU
		{5460EAB6-07DF-441E-9D73-CCF6EA64E71B}.Debug|x86.ActiveCfg = Debug|Any CPU
		{5460EAB6-07DF-441E-9D73-CCF6EA64E71B}.Debug|x86.Build.0 = Debug|Any CPU
		{5460EAB6-07DF-441E-9D73-CCF6EA64E71B}.Release|Any CPU.ActiveCfg = Release|Any CPU
		{5460EAB6-07DF-441E-9D73-CCF6EA64E71B}.Release|Any CPU.Build.0 = Release|Any CPU
		{5460EAB6-07DF-441E-9D73-CCF6EA64E71B}.Release|x64.ActiveCfg = Release|Any CPU
		{5460EAB6-07DF-441E-9D73-CCF6EA64E71B}.Release|x64.Build.0 = Release|Any CPU
		{5460EAB6-07DF-441E-9D73-CCF6EA64E71B}.Release|x86.ActiveCfg = Release|Any CPU
		{5460EAB6-07DF-441E-9D73-CCF6EA64E71B}.Release|x86.Build.0 = Release|Any CPU
		{D8BBD203-9D56-4EA6-A42C-19F76D756A09}.Debug|Any CPU.ActiveCfg = Debug|Any CPU
		{D8BBD203-9D56-4EA6-A42C-19F76D756A09}.Debug|Any CPU.Build.0 = Debug|Any CPU
		{D8BBD203-9D56-4EA6-A42C-19F76D756A09}.Debug|x64.ActiveCfg = Debug|Any CPU
		{D8BBD203-9D56-4EA6-A42C-19F76D756A09}.Debug|x64.Build.0 = Debug|Any CPU
		{D8BBD203-9D56-4EA6-A42C-19F76D756A09}.Debug|x86.ActiveCfg = Debug|Any CPU
		{D8BBD203-9D56-4EA6-A42C-19F76D756A09}.Debug|x86.Build.0 = Debug|Any CPU
		{D8BBD203-9D56-4EA6-A42C-19F76D756A09}.Release|Any CPU.ActiveCfg = Release|Any CPU
		{D8BBD203-9D56-4EA6-A42C-19F76D756A09}.Release|Any CPU.Build.0 = Release|Any CPU
		{D8BBD203-9D56-4EA6-A42C-19F76D756A09}.Release|x64.ActiveCfg = Release|Any CPU
		{D8BBD203-9D56-4EA6-A42C-19F76D756A09}.Release|x64.Build.0 = Release|Any CPU
		{D8BBD203-9D56-4EA6-A42C-19F76D756A09}.Release|x86.ActiveCfg = Release|Any CPU
		{D8BBD203-9D56-4EA6-A42C-19F76D756A09}.Release|x86.Build.0 = Release|Any CPU
		{F939D035-0FF3-466B-8880-BDED2E714C03}.Debug|Any CPU.ActiveCfg = Debug|Any CPU
		{F939D035-0FF3-466B-8880-BDED2E714C03}.Debug|Any CPU.Build.0 = Debug|Any CPU
		{F939D035-0FF3-466B-8880-BDED2E714C03}.Debug|x64.ActiveCfg = Debug|Any CPU
		{F939D035-0FF3-466B-8880-BDED2E714C03}.Debug|x64.Build.0 = Debug|Any CPU
		{F939D035-0FF3-466B-8880-BDED2E714C03}.Debug|x86.ActiveCfg = Debug|Any CPU
		{F939D035-0FF3-466B-8880-BDED2E714C03}.Debug|x86.Build.0 = Debug|Any CPU
		{F939D035-0FF3-466B-8880-BDED2E714C03}.Release|Any CPU.ActiveCfg = Release|Any CPU
		{F939D035-0FF3-466B-8880-BDED2E714C03}.Release|Any CPU.Build.0 = Release|Any CPU
		{F939D035-0FF3-466B-8880-BDED2E714C03}.Release|x64.ActiveCfg = Release|Any CPU
		{F939D035-0FF3-466B-8880-BDED2E714C03}.Release|x64.Build.0 = Release|Any CPU
		{F939D035-0FF3-466B-8880-BDED2E714C03}.Release|x86.ActiveCfg = Release|Any CPU
		{F939D035-0FF3-466B-8880-BDED2E714C03}.Release|x86.Build.0 = Release|Any CPU
		{FE719EC7-A310-4647-8264-4575D0501198}.Debug|Any CPU.ActiveCfg = Debug|Any CPU
		{FE719EC7-A310-4647-8264-4575D0501198}.Debug|Any CPU.Build.0 = Debug|Any CPU
		{FE719EC7-A310-4647-8264-4575D0501198}.Debug|x64.ActiveCfg = Debug|Any CPU
		{FE719EC7-A310-4647-8264-4575D0501198}.Debug|x64.Build.0 = Debug|Any CPU
		{FE719EC7-A310-4647-8264-4575D0501198}.Debug|x86.ActiveCfg = Debug|Any CPU
		{FE719EC7-A310-4647-8264-4575D0501198}.Debug|x86.Build.0 = Debug|Any CPU
		{FE719EC7-A310-4647-8264-4575D0501198}.Release|Any CPU.ActiveCfg = Release|Any CPU
		{FE719EC7-A310-4647-8264-4575D0501198}.Release|Any CPU.Build.0 = Release|Any CPU
		{FE719EC7-A310-4647-8264-4575D0501198}.Release|x64.ActiveCfg = Release|Any CPU
		{FE719EC7-A310-4647-8264-4575D0501198}.Release|x64.Build.0 = Release|Any CPU
		{FE719EC7-A310-4647-8264-4575D0501198}.Release|x86.ActiveCfg = Release|Any CPU
		{FE719EC7-A310-4647-8264-4575D0501198}.Release|x86.Build.0 = Release|Any CPU
		{1E676982-F427-46F5-BE09-C57478AF46F2}.Debug|Any CPU.ActiveCfg = Debug|Any CPU
		{1E676982-F427-46F5-BE09-C57478AF46F2}.Debug|Any CPU.Build.0 = Debug|Any CPU
		{1E676982-F427-46F5-BE09-C57478AF46F2}.Debug|x64.ActiveCfg = Debug|Any CPU
		{1E676982-F427-46F5-BE09-C57478AF46F2}.Debug|x64.Build.0 = Debug|Any CPU
		{1E676982-F427-46F5-BE09-C57478AF46F2}.Debug|x86.ActiveCfg = Debug|Any CPU
		{1E676982-F427-46F5-BE09-C57478AF46F2}.Debug|x86.Build.0 = Debug|Any CPU
		{1E676982-F427-46F5-BE09-C57478AF46F2}.Release|Any CPU.ActiveCfg = Release|Any CPU
		{1E676982-F427-46F5-BE09-C57478AF46F2}.Release|Any CPU.Build.0 = Release|Any CPU
		{1E676982-F427-46F5-BE09-C57478AF46F2}.Release|x64.ActiveCfg = Release|Any CPU
		{1E676982-F427-46F5-BE09-C57478AF46F2}.Release|x64.Build.0 = Release|Any CPU
		{1E676982-F427-46F5-BE09-C57478AF46F2}.Release|x86.ActiveCfg = Release|Any CPU
		{1E676982-F427-46F5-BE09-C57478AF46F2}.Release|x86.Build.0 = Release|Any CPU
		{8A2D930B-E145-482A-9EC5-1CE73BE12A62}.Debug|Any CPU.ActiveCfg = Debug|Any CPU
		{8A2D930B-E145-482A-9EC5-1CE73BE12A62}.Debug|Any CPU.Build.0 = Debug|Any CPU
		{8A2D930B-E145-482A-9EC5-1CE73BE12A62}.Debug|x64.ActiveCfg = Debug|Any CPU
		{8A2D930B-E145-482A-9EC5-1CE73BE12A62}.Debug|x64.Build.0 = Debug|Any CPU
		{8A2D930B-E145-482A-9EC5-1CE73BE12A62}.Debug|x86.ActiveCfg = Debug|Any CPU
		{8A2D930B-E145-482A-9EC5-1CE73BE12A62}.Debug|x86.Build.0 = Debug|Any CPU
		{8A2D930B-E145-482A-9EC5-1CE73BE12A62}.Release|Any CPU.ActiveCfg = Release|Any CPU
		{8A2D930B-E145-482A-9EC5-1CE73BE12A62}.Release|Any CPU.Build.0 = Release|Any CPU
		{8A2D930B-E145-482A-9EC5-1CE73BE12A62}.Release|x64.ActiveCfg = Release|Any CPU
		{8A2D930B-E145-482A-9EC5-1CE73BE12A62}.Release|x64.Build.0 = Release|Any CPU
		{8A2D930B-E145-482A-9EC5-1CE73BE12A62}.Release|x86.ActiveCfg = Release|Any CPU
		{8A2D930B-E145-482A-9EC5-1CE73BE12A62}.Release|x86.Build.0 = Release|Any CPU
		{9393EE1C-919C-44D1-B58E-BC53A9F71295}.Debug|Any CPU.ActiveCfg = Debug|Any CPU
		{9393EE1C-919C-44D1-B58E-BC53A9F71295}.Debug|Any CPU.Build.0 = Debug|Any CPU
		{9393EE1C-919C-44D1-B58E-BC53A9F71295}.Debug|x64.ActiveCfg = Debug|Any CPU
		{9393EE1C-919C-44D1-B58E-BC53A9F71295}.Debug|x64.Build.0 = Debug|Any CPU
		{9393EE1C-919C-44D1-B58E-BC53A9F71295}.Debug|x86.ActiveCfg = Debug|Any CPU
		{9393EE1C-919C-44D1-B58E-BC53A9F71295}.Debug|x86.Build.0 = Debug|Any CPU
		{9393EE1C-919C-44D1-B58E-BC53A9F71295}.Release|Any CPU.ActiveCfg = Release|Any CPU
		{9393EE1C-919C-44D1-B58E-BC53A9F71295}.Release|Any CPU.Build.0 = Release|Any CPU
		{9393EE1C-919C-44D1-B58E-BC53A9F71295}.Release|x64.ActiveCfg = Release|Any CPU
		{9393EE1C-919C-44D1-B58E-BC53A9F71295}.Release|x64.Build.0 = Release|Any CPU
		{9393EE1C-919C-44D1-B58E-BC53A9F71295}.Release|x86.ActiveCfg = Release|Any CPU
		{9393EE1C-919C-44D1-B58E-BC53A9F71295}.Release|x86.Build.0 = Release|Any CPU
	EndGlobalSection
	GlobalSection(SolutionProperties) = preSolution
		HideSolutionNode = FALSE
	EndGlobalSection
	GlobalSection(NestedProjects) = preSolution
		{D5064FC8-1F49-54B6-E1C8-B23A6140528A} = {827E0CD3-B72D-47B6-A68D-7590B98EB39B}
		{5A8B004E-8D57-47D2-A0CA-F188AF17BDAF} = {D5064FC8-1F49-54B6-E1C8-B23A6140528A}
		{3220B029-3624-43A7-BC38-7E81D72F9B0B} = {D5064FC8-1F49-54B6-E1C8-B23A6140528A}
		{F6AD2548-1850-4C51-87B1-611F7E8AA2C0} = {D5064FC8-1F49-54B6-E1C8-B23A6140528A}
		{B81E1BF7-D96D-4756-8595-205A196087A9} = {D5064FC8-1F49-54B6-E1C8-B23A6140528A}
		{C3696C64-A320-4742-BBC2-B72EFC24289C} = {827E0CD3-B72D-47B6-A68D-7590B98EB39B}
		{7359BBAE-17F7-4554-B6AB-37CAA99E2595} = {827E0CD3-B72D-47B6-A68D-7590B98EB39B}
		{848BF3F6-8489-4F3D-AC3C-6D7DF6CC8244} = {7359BBAE-17F7-4554-B6AB-37CAA99E2595}
		{732D92B2-B703-4882-8A74-398C2D05853B} = {C3696C64-A320-4742-BBC2-B72EFC24289C}
		{00A1EAD1-93D9-405B-A9F3-0A3717BD8A94} = {827E0CD3-B72D-47B6-A68D-7590B98EB39B}
		{5604D5A4-F84C-40D8-97BD-318997CC1EF4} = {827E0CD3-B72D-47B6-A68D-7590B98EB39B}
		{0FA1406A-05DC-47EC-AA6F-E2E2D4C81369} = {5604D5A4-F84C-40D8-97BD-318997CC1EF4}
		{880DFD40-96A0-4771-B310-5C43CD9EF6CB} = {5604D5A4-F84C-40D8-97BD-318997CC1EF4}
		{5460EAB6-07DF-441E-9D73-CCF6EA64E71B} = {5604D5A4-F84C-40D8-97BD-318997CC1EF4}
		{D8BBD203-9D56-4EA6-A42C-19F76D756A09} = {D5064FC8-1F49-54B6-E1C8-B23A6140528A}
		{F939D035-0FF3-466B-8880-BDED2E714C03} = {C3696C64-A320-4742-BBC2-B72EFC24289C}
		{33CF4772-1B16-426D-8D9F-76BDFBAF24EB} = {827E0CD3-B72D-47B6-A68D-7590B98EB39B}
		{FE719EC7-A310-4647-8264-4575D0501198} = {33CF4772-1B16-426D-8D9F-76BDFBAF24EB}
		{1E676982-F427-46F5-BE09-C57478AF46F2} = {33CF4772-1B16-426D-8D9F-76BDFBAF24EB}
		{8A2D930B-E145-482A-9EC5-1CE73BE12A62} = {33CF4772-1B16-426D-8D9F-76BDFBAF24EB}
		{9393EE1C-919C-44D1-B58E-BC53A9F71295} = {33CF4772-1B16-426D-8D9F-76BDFBAF24EB}
	EndGlobalSection
EndGlobal
